
Microsoft Visual Studio Solution File, Format Version 12.00
# Visual Studio Version 17
VisualStudioVersion = 17.11.35222.181
MinimumVisualStudioVersion = 10.0.40219.1
Project("{FAE04EC0-301F-11D3-BF4B-00C04F79EFBC}") = "Inventory", "Inventory\Inventory.csproj", "{AE40DAC8-013B-4DE0-8FD1-EACE2546391C}"
EndProject
Project("{FAE04EC0-301F-11D3-BF4B-00C04F79EFBC}") = "Domain", "Domain\Domain.csproj", "{A3F28D54-8AA3-4CEF-A2CB-1B3D29CFFD34}"
EndProject
Project("{FAE04EC0-301F-11D3-BF4B-00C04F79EFBC}") = "Infrastructure", "Infrastructure\Infrastructure.csproj", "{3B9794F7-6329-4BBD-A237-065E1C0DDAB7}"
EndProject
Project("{FAE04EC0-301F-11D3-BF4B-00C04F79EFBC}") = "Application", "Application\Application.csproj", "{29DC52C1-A6A7-4BF7-AFB0-F6C739264859}"
EndProject
Global
	GlobalSection(SolutionConfigurationPlatforms) = preSolution
		Debug|Any CPU = Debug|Any CPU
		Release|Any CPU = Release|Any CPU
	EndGlobalSection
	GlobalSection(ProjectConfigurationPlatforms) = postSolution
		{AE40DAC8-013B-4DE0-8FD1-EACE2546391C}.Debug|Any CPU.ActiveCfg = Debug|Any CPU
		{AE40DAC8-013B-4DE0-8FD1-EACE2546391C}.Debug|Any CPU.Build.0 = Debug|Any CPU
		{AE40DAC8-013B-4DE0-8FD1-EACE2546391C}.Release|Any CPU.ActiveCfg = Release|Any CPU
		{AE40DAC8-013B-4DE0-8FD1-EACE2546391C}.Release|Any CPU.Build.0 = Release|Any CPU
		{A3F28D54-8AA3-4CEF-A2CB-1B3D29CFFD34}.Debug|Any CPU.ActiveCfg = Debug|Any CPU
		{A3F28D54-8AA3-4CEF-A2CB-1B3D29CFFD34}.Debug|Any CPU.Build.0 = Debug|Any CPU
		{A3F28D54-8AA3-4CEF-A2CB-1B3D29CFFD34}.Release|Any CPU.ActiveCfg = Release|Any CPU
		{A3F28D54-8AA3-4CEF-A2CB-1B3D29CFFD34}.Release|Any CPU.Build.0 = Release|Any CPU
		{3B9794F7-6329-4BBD-A237-065E1C0DDAB7}.Debug|Any CPU.ActiveCfg = Debug|Any CPU
		{3B9794F7-6329-4BBD-A237-065E1C0DDAB7}.Debug|Any CPU.Build.0 = Debug|Any CPU
		{3B9794F7-6329-4BBD-A237-065E1C0DDAB7}.Release|Any CPU.ActiveCfg = Release|Any CPU
		{3B9794F7-6329-4BBD-A237-065E1C0DDAB7}.Release|Any CPU.Build.0 = Release|Any CPU
		{29DC52C1-A6A7-4BF7-AFB0-F6C739264859}.Debug|Any CPU.ActiveCfg = Debug|Any CPU
		{29DC52C1-A6A7-4BF7-AFB0-F6C739264859}.Debug|Any CPU.Build.0 = Debug|Any CPU
		{29DC52C1-A6A7-4BF7-AFB0-F6C739264859}.Release|Any CPU.ActiveCfg = Release|Any CPU
		{29DC52C1-A6A7-4BF7-AFB0-F6C739264859}.Release|Any CPU.Build.0 = Release|Any CPU
	EndGlobalSection
	GlobalSection(SolutionProperties) = preSolution
		HideSolutionNode = FALSE
	EndGlobalSection
	GlobalSection(ExtensibilityGlobals) = postSolution
		SolutionGuid = {158A56DE-CBDE-40EB-B9B7-67A22A835ACB}
	EndGlobalSection
EndGlobal
